
Microsoft Visual Studio Solution File, Format Version 12.00
# Visual Studio Version 17
VisualStudioVersion = 17.13.35919.96 d17.13
MinimumVisualStudioVersion = 10.0.40219.1
Project("{FAE04EC0-301F-11D3-BF4B-00C04F79EFBC}") = "PPAI V2", "PPAI V2.csproj", "{C982ECB3-306D-44E1-A832-493D2D7683BA}"
EndProject
Global
	GlobalSection(SolutionConfigurationPlatforms) = preSolution
		Debug|Any CPU = Debug|Any CPU
		Release|Any CPU = Release|Any CPU
	EndGlobalSection
	GlobalSection(ProjectConfigurationPlatforms) = postSolution
		{C982ECB3-306D-44E1-A832-493D2D7683BA}.Debug|Any CPU.ActiveCfg = Debug|Any CPU
		{C982ECB3-306D-44E1-A832-493D2D7683BA}.Debug|Any CPU.Build.0 = Debug|Any CPU
		{C982ECB3-306D-44E1-A832-493D2D7683BA}.Release|Any CPU.ActiveCfg = Release|Any CPU
		{C982ECB3-306D-44E1-A832-493D2D7683BA}.Release|Any CPU.Build.0 = Release|Any CPU
	EndGlobalSection
	GlobalSection(SolutionProperties) = preSolution
		HideSolutionNode = FALSE
	EndGlobalSection
	GlobalSection(ExtensibilityGlobals) = postSolution
		SolutionGuid = {D2DE4483-7570-41B5-A9B9-766A4503737C}
	EndGlobalSection
EndGlobal
